// !$*UTF8*$!
{
	archiveVersion = 1;
	classes = {
	};
	objectVersion = 46;
	objects = {

/* Begin PBXBuildFile section */
		055902771C27E830006843D0 /* AppDelegate.swift in Sources */ = {isa = PBXBuildFile; fileRef = 055902761C27E830006843D0 /* AppDelegate.swift */; };
		055902791C27E830006843D0 /* PhotoFrameViewController.swift in Sources */ = {isa = PBXBuildFile; fileRef = 055902781C27E830006843D0 /* PhotoFrameViewController.swift */; };
		0559027B1C27E830006843D0 /* ExamplePhotosController.swift in Sources */ = {isa = PBXBuildFile; fileRef = 0559027A1C27E830006843D0 /* ExamplePhotosController.swift */; };
		0559027E1C27E830006843D0 /* Main.storyboard in Resources */ = {isa = PBXBuildFile; fileRef = 0559027C1C27E830006843D0 /* Main.storyboard */; };
		055902801C27E830006843D0 /* Assets.xcassets in Resources */ = {isa = PBXBuildFile; fileRef = 0559027F1C27E830006843D0 /* Assets.xcassets */; };
		055902831C27E830006843D0 /* LaunchScreen.storyboard in Resources */ = {isa = PBXBuildFile; fileRef = 055902811C27E830006843D0 /* LaunchScreen.storyboard */; };
		0559029B1C27E846006843D0 /* libCoreDragon.a in Frameworks */ = {isa = PBXBuildFile; fileRef = 055902921C27E839006843D0 /* libCoreDragon.a */; };
		055902A11C27EF46006843D0 /* README.md in Sources */ = {isa = PBXBuildFile; fileRef = 055902A01C27EF46006843D0 /* README.md */; };
/* End PBXBuildFile section */

/* Begin PBXContainerItemProxy section */
		055902911C27E839006843D0 /* PBXContainerItemProxy */ = {
			isa = PBXContainerItemProxy;
			containerPortal = 0559028A1C27E839006843D0 /* CoreDragon.xcodeproj */;
			proxyType = 2;
			remoteGlobalIDString = 05EDCE1F18E9F03E003CF165;
			remoteInfo = CoreDragon;
		};
		055902931C27E839006843D0 /* PBXContainerItemProxy */ = {
			isa = PBXContainerItemProxy;
			containerPortal = 0559028A1C27E839006843D0 /* CoreDragon.xcodeproj */;
			proxyType = 2;
			remoteGlobalIDString = 05EDCE2F18E9F03E003CF165;
			remoteInfo = CoreDragonTests;
		};
		055902951C27E839006843D0 /* PBXContainerItemProxy */ = {
			isa = PBXContainerItemProxy;
			containerPortal = 0559028A1C27E839006843D0 /* CoreDragon.xcodeproj */;
			proxyType = 2;
			remoteGlobalIDString = 05EDCE5A18E9FF23003CF165;
			remoteInfo = DemoApp;
		};
		055902971C27E839006843D0 /* PBXContainerItemProxy */ = {
			isa = PBXContainerItemProxy;
			containerPortal = 0559028A1C27E839006843D0 /* CoreDragon.xcodeproj */;
			proxyType = 2;
			remoteGlobalIDString = 059190F61B2E764700AD5DE8;
			remoteInfo = DemoApp2;
		};
		055902991C27E842006843D0 /* PBXContainerItemProxy */ = {
			isa = PBXContainerItemProxy;
			containerPortal = 0559028A1C27E839006843D0 /* CoreDragon.xcodeproj */;
			proxyType = 1;
			remoteGlobalIDString = 05EDCE1E18E9F03D003CF165;
			remoteInfo = CoreDragon;
		};
/* End PBXContainerItemProxy section */

/* Begin PBXFileReference section */
		055902731C27E830006843D0 /* DragonFrame.app */ = {isa = PBXFileReference; explicitFileType = wrapper.application; includeInIndex = 0; path = DragonFrame.app; sourceTree = BUILT_PRODUCTS_DIR; };
		055902761C27E830006843D0 /* AppDelegate.swift */ = {isa = PBXFileReference; lastKnownFileType = sourcecode.swift; path = AppDelegate.swift; sourceTree = "<group>"; };
		055902781C27E830006843D0 /* PhotoFrameViewController.swift */ = {isa = PBXFileReference; lastKnownFileType = sourcecode.swift; path = PhotoFrameViewController.swift; sourceTree = "<group>"; };
		0559027A1C27E830006843D0 /* ExamplePhotosController.swift */ = {isa = PBXFileReference; lastKnownFileType = sourcecode.swift; path = ExamplePhotosController.swift; sourceTree = "<group>"; };
		0559027D1C27E830006843D0 /* Base */ = {isa = PBXFileReference; lastKnownFileType = file.storyboard; name = Base; path = Base.lproj/Main.storyboard; sourceTree = "<group>"; };
		0559027F1C27E830006843D0 /* Assets.xcassets */ = {isa = PBXFileReference; lastKnownFileType = folder.assetcatalog; path = Assets.xcassets; sourceTree = "<group>"; };
		055902821C27E830006843D0 /* Base */ = {isa = PBXFileReference; lastKnownFileType = file.storyboard; name = Base; path = Base.lproj/LaunchScreen.storyboard; sourceTree = "<group>"; };
		055902841C27E830006843D0 /* Info.plist */ = {isa = PBXFileReference; lastKnownFileType = text.plist.xml; path = Info.plist; sourceTree = "<group>"; };
		0559028A1C27E839006843D0 /* CoreDragon.xcodeproj */ = {isa = PBXFileReference; lastKnownFileType = "wrapper.pb-project"; name = CoreDragon.xcodeproj; path = ../../CoreDragon.xcodeproj; sourceTree = "<group>"; };
		0559029C1C27E878006843D0 /* DragonFrame-Bridging-Header.h */ = {isa = PBXFileReference; lastKnownFileType = sourcecode.c.h; path = "DragonFrame-Bridging-Header.h"; sourceTree = "<group>"; };
		055902A01C27EF46006843D0 /* README.md */ = {isa = PBXFileReference; fileEncoding = 4; lastKnownFileType = net.daringfireball.markdown; path = README.md; sourceTree = "<group>"; };
/* End PBXFileReference section */

/* Begin PBXFrameworksBuildPhase section */
		055902701C27E830006843D0 /* Frameworks */ = {
			isa = PBXFrameworksBuildPhase;
			buildActionMask = 2147483647;
			files = (
				0559029B1C27E846006843D0 /* libCoreDragon.a in Frameworks */,
			);
			runOnlyForDeploymentPostprocessing = 0;
		};
/* End PBXFrameworksBuildPhase section */

/* Begin PBXGroup section */
		0559026A1C27E830006843D0 = {
			isa = PBXGroup;
			children = (
				0559028A1C27E839006843D0 /* CoreDragon.xcodeproj */,
				055902751C27E830006843D0 /* DragonFrame */,
				055902741C27E830006843D0 /* Products */,
			);
			sourceTree = "<group>";
		};
		055902741C27E830006843D0 /* Products */ = {
			isa = PBXGroup;
			children = (
				055902731C27E830006843D0 /* DragonFrame.app */,
			);
			name = Products;
			sourceTree = "<group>";
		};
		055902751C27E830006843D0 /* DragonFrame */ = {
			isa = PBXGroup;
			children = (
				0559029C1C27E878006843D0 /* DragonFrame-Bridging-Header.h */,
				055902761C27E830006843D0 /* AppDelegate.swift */,
				055902781C27E830006843D0 /* PhotoFrameViewController.swift */,
				0559027A1C27E830006843D0 /* ExamplePhotosController.swift */,
				0559027C1C27E830006843D0 /* Main.storyboard */,
				0559027F1C27E830006843D0 /* Assets.xcassets */,
				055902811C27E830006843D0 /* LaunchScreen.storyboard */,
				055902841C27E830006843D0 /* Info.plist */,
				055902A01C27EF46006843D0 /* README.md */,
			);
			path = DragonFrame;
			sourceTree = "<group>";
		};
		0559028B1C27E839006843D0 /* Products */ = {
			isa = PBXGroup;
			children = (
				055902921C27E839006843D0 /* libCoreDragon.a */,
				055902941C27E839006843D0 /* CoreDragon.xctest */,
				055902961C27E839006843D0 /* DemoApp.app */,
				055902981C27E839006843D0 /* DemoApp2.app */,
			);
			name = Products;
			sourceTree = "<group>";
		};
/* End PBXGroup section */

/* Begin PBXNativeTarget section */
		055902721C27E830006843D0 /* DragonFrame */ = {
			isa = PBXNativeTarget;
			buildConfigurationList = 055902871C27E830006843D0 /* Build configuration list for PBXNativeTarget "DragonFrame" */;
			buildPhases = (
				0559026F1C27E830006843D0 /* Sources */,
				055902701C27E830006843D0 /* Frameworks */,
				055902711C27E830006843D0 /* Resources */,
			);
			buildRules = (
			);
			dependencies = (
				0559029A1C27E842006843D0 /* PBXTargetDependency */,
			);
			name = DragonFrame;
			productName = DragonFrame;
			productReference = 055902731C27E830006843D0 /* DragonFrame.app */;
			productType = "com.apple.product-type.application";
		};
/* End PBXNativeTarget section */

/* Begin PBXProject section */
		0559026B1C27E830006843D0 /* Project object */ = {
			isa = PBXProject;
			attributes = {
				LastSwiftUpdateCheck = 0720;
				LastUpgradeCheck = 0720;
				ORGANIZATIONNAME = ThirdCog;
				TargetAttributes = {
					055902721C27E830006843D0 = {
						CreatedOnToolsVersion = 7.2;
					};
				};
			};
			buildConfigurationList = 0559026E1C27E830006843D0 /* Build configuration list for PBXProject "DragonFrame" */;
			compatibilityVersion = "Xcode 3.2";
			developmentRegion = English;
			hasScannedForEncodings = 0;
			knownRegions = (
				en,
				Base,
			);
			mainGroup = 0559026A1C27E830006843D0;
			productRefGroup = 055902741C27E830006843D0 /* Products */;
			projectDirPath = "";
			projectReferences = (
				{
					ProductGroup = 0559028B1C27E839006843D0 /* Products */;
					ProjectRef = 0559028A1C27E839006843D0 /* CoreDragon.xcodeproj */;
				},
			);
			projectRoot = "";
			targets = (
				055902721C27E830006843D0 /* DragonFrame */,
			);
		};
/* End PBXProject section */

/* Begin PBXReferenceProxy section */
		055902921C27E839006843D0 /* libCoreDragon.a */ = {
			isa = PBXReferenceProxy;
			fileType = archive.ar;
			path = libCoreDragon.a;
			remoteRef = 055902911C27E839006843D0 /* PBXContainerItemProxy */;
			sourceTree = BUILT_PRODUCTS_DIR;
		};
		055902941C27E839006843D0 /* CoreDragon.xctest */ = {
			isa = PBXReferenceProxy;
			fileType = wrapper.cfbundle;
			path = CoreDragon.xctest;
			remoteRef = 055902931C27E839006843D0 /* PBXContainerItemProxy */;
			sourceTree = BUILT_PRODUCTS_DIR;
		};
		055902961C27E839006843D0 /* DemoApp.app */ = {
			isa = PBXReferenceProxy;
			fileType = wrapper.application;
			path = DemoApp.app;
			remoteRef = 055902951C27E839006843D0 /* PBXContainerItemProxy */;
			sourceTree = BUILT_PRODUCTS_DIR;
		};
		055902981C27E839006843D0 /* DemoApp2.app */ = {
			isa = PBXReferenceProxy;
			fileType = wrapper.application;
			path = DemoApp2.app;
			remoteRef = 055902971C27E839006843D0 /* PBXContainerItemProxy */;
			sourceTree = BUILT_PRODUCTS_DIR;
		};
/* End PBXReferenceProxy section */

/* Begin PBXResourcesBuildPhase section */
		055902711C27E830006843D0 /* Resources */ = {
			isa = PBXResourcesBuildPhase;
			buildActionMask = 2147483647;
			files = (
				055902831C27E830006843D0 /* LaunchScreen.storyboard in Resources */,
				055902801C27E830006843D0 /* Assets.xcassets in Resources */,
				0559027E1C27E830006843D0 /* Main.storyboard in Resources */,
			);
			runOnlyForDeploymentPostprocessing = 0;
		};
/* End PBXResourcesBuildPhase section */

/* Begin PBXSourcesBuildPhase section */
		0559026F1C27E830006843D0 /* Sources */ = {
			isa = PBXSourcesBuildPhase;
			buildActionMask = 2147483647;
			files = (
				0559027B1C27E830006843D0 /* ExamplePhotosController.swift in Sources */,
				055902771C27E830006843D0 /* AppDelegate.swift in Sources */,
				055902A11C27EF46006843D0 /* README.md in Sources */,
				055902791C27E830006843D0 /* PhotoFrameViewController.swift in Sources */,
			);
			runOnlyForDeploymentPostprocessing = 0;
		};
/* End PBXSourcesBuildPhase section */

/* Begin PBXTargetDependency section */
		0559029A1C27E842006843D0 /* PBXTargetDependency */ = {
			isa = PBXTargetDependency;
			name = CoreDragon;
			targetProxy = 055902991C27E842006843D0 /* PBXContainerItemProxy */;
		};
/* End PBXTargetDependency section */

/* Begin PBXVariantGroup section */
		0559027C1C27E830006843D0 /* Main.storyboard */ = {
			isa = PBXVariantGroup;
			children = (
				0559027D1C27E830006843D0 /* Base */,
			);
			name = Main.storyboard;
			sourceTree = "<group>";
		};
		055902811C27E830006843D0 /* LaunchScreen.storyboard */ = {
			isa = PBXVariantGroup;
			children = (
				055902821C27E830006843D0 /* Base */,
			);
			name = LaunchScreen.storyboard;
			sourceTree = "<group>";
		};
/* End PBXVariantGroup section */

/* Begin XCBuildConfiguration section */
		055902851C27E830006843D0 /* Debug */ = {
			isa = XCBuildConfiguration;
			buildSettings = {
				ALWAYS_SEARCH_USER_PATHS = NO;
				CLANG_CXX_LANGUAGE_STANDARD = "gnu++0x";
				CLANG_CXX_LIBRARY = "libc++";
				CLANG_ENABLE_MODULES = YES;
				CLANG_ENABLE_OBJC_ARC = YES;
				CLANG_WARN_BOOL_CONVERSION = YES;
				CLANG_WARN_CONSTANT_CONVERSION = YES;
				CLANG_WARN_DIRECT_OBJC_ISA_USAGE = YES_ERROR;
				CLANG_WARN_EMPTY_BODY = YES;
				CLANG_WARN_ENUM_CONVERSION = YES;
				CLANG_WARN_INT_CONVERSION = YES;
				CLANG_WARN_OBJC_ROOT_CLASS = YES_ERROR;
				CLANG_WARN_UNREACHABLE_CODE = YES;
				CLANG_WARN__DUPLICATE_METHOD_MATCH = YES;
				"CODE_SIGN_IDENTITY[sdk=iphoneos*]" = "iPhone Developer";
				COPY_PHASE_STRIP = NO;
				DEBUG_INFORMATION_FORMAT = dwarf;
				ENABLE_STRICT_OBJC_MSGSEND = YES;
				ENABLE_TESTABILITY = YES;
				GCC_C_LANGUAGE_STANDARD = gnu99;
				GCC_DYNAMIC_NO_PIC = NO;
				GCC_NO_COMMON_BLOCKS = YES;
				GCC_OPTIMIZATION_LEVEL = 0;
				GCC_PREPROCESSOR_DEFINITIONS = (
					"DEBUG=1",
					"$(inherited)",
				);
				GCC_WARN_64_TO_32_BIT_CONVERSION = YES;
				GCC_WARN_ABOUT_RETURN_TYPE = YES_ERROR;
				GCC_WARN_UNDECLARED_SELECTOR = YES;
				GCC_WARN_UNINITIALIZED_AUTOS = YES_AGGRESSIVE;
				GCC_WARN_UNUSED_FUNCTION = YES;
				GCC_WARN_UNUSED_VARIABLE = YES;
				IPHONEOS_DEPLOYMENT_TARGET = 9.2;
				MTL_ENABLE_DEBUG_INFO = YES;
				ONLY_ACTIVE_ARCH = YES;
				SDKROOT = iphoneos;
				SWIFT_OPTIMIZATION_LEVEL = "-Onone";
				TARGETED_DEVICE_FAMILY = "1,2";
			};
			name = Debug;
		};
		055902861C27E830006843D0 /* Release */ = {
			isa = XCBuildConfiguration;
			buildSettings = {
				ALWAYS_SEARCH_USER_PATHS = NO;
				CLANG_CXX_LANGUAGE_STANDARD = "gnu++0x";
				CLANG_CXX_LIBRARY = "libc++";
				CLANG_ENABLE_MODULES = YES;
				CLANG_ENABLE_OBJC_ARC = YES;
				CLANG_WARN_BOOL_CONVERSION = YES;
				CLANG_WARN_CONSTANT_CONVERSION = YES;
				CLANG_WARN_DIRECT_OBJC_ISA_USAGE = YES_ERROR;
				CLANG_WARN_EMPTY_BODY = YES;
				CLANG_WARN_ENUM_CONVERSION = YES;
				CLANG_WARN_INT_CONVERSION = YES;
				CLANG_WARN_OBJC_ROOT_CLASS = YES_ERROR;
				CLANG_WARN_UNREACHABLE_CODE = YES;
				CLANG_WARN__DUPLICATE_METHOD_MATCH = YES;
				"CODE_SIGN_IDENTITY[sdk=iphoneos*]" = "iPhone Developer";
				COPY_PHASE_STRIP = NO;
				DEBUG_INFORMATION_FORMAT = "dwarf-with-dsym";
				ENABLE_NS_ASSERTIONS = NO;
				ENABLE_STRICT_OBJC_MSGSEND = YES;
				GCC_C_LANGUAGE_STANDARD = gnu99;
				GCC_NO_COMMON_BLOCKS = YES;
				GCC_WARN_64_TO_32_BIT_CONVERSION = YES;
				GCC_WARN_ABOUT_RETURN_TYPE = YES_ERROR;
				GCC_WARN_UNDECLARED_SELECTOR = YES;
				GCC_WARN_UNINITIALIZED_AUTOS = YES_AGGRESSIVE;
				GCC_WARN_UNUSED_FUNCTION = YES;
				GCC_WARN_UNUSED_VARIABLE = YES;
				IPHONEOS_DEPLOYMENT_TARGET = 9.2;
				MTL_ENABLE_DEBUG_INFO = NO;
				SDKROOT = iphoneos;
				TARGETED_DEVICE_FAMILY = "1,2";
				VALIDATE_PRODUCT = YES;
			};
			name = Release;
		};
		055902881C27E830006843D0 /* Debug */ = {
			isa = XCBuildConfiguration;
			buildSettings = {
				ASSETCATALOG_COMPILER_APPICON_NAME = AppIcon;
				CLANG_ENABLE_MODULES = YES;
				HEADER_SEARCH_PATHS = ../../;
				INFOPLIST_FILE = DragonFrame/Info.plist;
				LD_RUNPATH_SEARCH_PATHS = "$(inherited) @executable_path/Frameworks";
				PRODUCT_BUNDLE_IDENTIFIER = eu.thirdcog.DragonFrame;
				PRODUCT_NAME = "$(TARGET_NAME)";
				SWIFT_OBJC_BRIDGING_HEADER = "DragonFrame/DragonFrame-Bridging-Header.h";
				SWIFT_OPTIMIZATION_LEVEL = "-Onone";
			};
			name = Debug;
		};
		055902891C27E830006843D0 /* Release */ = {
			isa = XCBuildConfiguration;
			buildSettings = {
				ASSETCATALOG_COMPILER_APPICON_NAME = AppIcon;
				CLANG_ENABLE_MODULES = YES;
				HEADER_SEARCH_PATHS = ../../;
				INFOPLIST_FILE = DragonFrame/Info.plist;
				LD_RUNPATH_SEARCH_PATHS = "$(inherited) @executable_path/Frameworks";
				PRODUCT_BUNDLE_IDENTIFIER = eu.thirdcog.DragonFrame;
				PRODUCT_NAME = "$(TARGET_NAME)";
				SWIFT_OBJC_BRIDGING_HEADER = "DragonFrame/DragonFrame-Bridging-Header.h";
			};
			name = Release;
		};
/* End XCBuildConfiguration section */

/* Begin XCConfigurationList section */
		0559026E1C27E830006843D0 /* Build configuration list for PBXProject "DragonFrame" */ = {
			isa = XCConfigurationList;
			buildConfigurations = (
				055902851C27E830006843D0 /* Debug */,
				055902861C27E830006843D0 /* Release */,
			);
			defaultConfigurationIsVisible = 0;
			defaultConfigurationName = Release;
		};
		055902871C27E830006843D0 /* Build configuration list for PBXNativeTarget "DragonFrame" */ = {
			isa = XCConfigurationList;
			buildConfigurations = (
				055902881C27E830006843D0 /* Debug */,
				055902891C27E830006843D0 /* Release */,
			);
			defaultConfigurationIsVisible = 0;
		};
/* End XCConfigurationList section */
	};
	rootObject = 0559026B1C27E830006843D0 /* Project object */;
}
