// !$*UTF8*$!
{
	archiveVersion = 1;
	classes = {
	};
	objectVersion = 46;
	objects = {

/* Begin PBXBuildFile section */
		059190F11B2E6CCD00AD5DE8 /* Launch Screen.storyboard in Resources */ = {isa = PBXBuildFile; fileRef = 059190F01B2E6CCD00AD5DE8 /* Launch Screen.storyboard */; };
		059190FA1B2E764700AD5DE8 /* main.m in Sources */ = {isa = PBXBuildFile; fileRef = 059190F91B2E764700AD5DE8 /* main.m */; };
		059191061B2E764700AD5DE8 /* Main.storyboard in Resources */ = {isa = PBXBuildFile; fileRef = 059191041B2E764700AD5DE8 /* Main.storyboard */; };
		059191081B2E764700AD5DE8 /* Assets.xcassets in Resources */ = {isa = PBXBuildFile; fileRef = 059191071B2E764700AD5DE8 /* Assets.xcassets */; };
		0591910B1B2E764700AD5DE8 /* LaunchScreen.storyboard in Resources */ = {isa = PBXBuildFile; fileRef = 059191091B2E764700AD5DE8 /* LaunchScreen.storyboard */; };
		059191101B2E767C00AD5DE8 /* DNDTAppDelegate.m in Sources */ = {isa = PBXBuildFile; fileRef = 05EDCE8A18E9FF73003CF165 /* DNDTAppDelegate.m */; };
		059191111B2E767C00AD5DE8 /* DNDTFirstViewController.m in Sources */ = {isa = PBXBuildFile; fileRef = 05EDCE8E18E9FF73003CF165 /* DNDTFirstViewController.m */; };
		059191121B2E767C00AD5DE8 /* DNDTSecondViewController.m in Sources */ = {isa = PBXBuildFile; fileRef = 05EDCE9018E9FF73003CF165 /* DNDTSecondViewController.m */; };
		059191131B2E786700AD5DE8 /* libSPDragNDrop.a in Frameworks */ = {isa = PBXBuildFile; fileRef = 05EDCE1F18E9F03E003CF165 /* libSPDragNDrop.a */; };
		059191141B2E78C400AD5DE8 /* Main.storyboard in Resources */ = {isa = PBXBuildFile; fileRef = 059191041B2E764700AD5DE8 /* Main.storyboard */; };
		059191151B2E7CE700AD5DE8 /* first.png in Resources */ = {isa = PBXBuildFile; fileRef = 05EDCE9B18E9FF73003CF165 /* first.png */; };
		059191161B2E7CE700AD5DE8 /* first@2x.png in Resources */ = {isa = PBXBuildFile; fileRef = 05EDCE9C18E9FF73003CF165 /* first@2x.png */; };
		059191171B2E7CE700AD5DE8 /* second.png in Resources */ = {isa = PBXBuildFile; fileRef = 05EDCE9E18E9FF73003CF165 /* second.png */; };
		059191181B2E7CE700AD5DE8 /* second@2x.png in Resources */ = {isa = PBXBuildFile; fileRef = 05EDCE9F18E9FF73003CF165 /* second@2x.png */; };
		059191191B2E7CE700AD5DE8 /* testimage.png in Resources */ = {isa = PBXBuildFile; fileRef = 05EDCEA018E9FF73003CF165 /* testimage.png */; };
		0591911A1B2E7CE700AD5DE8 /* dragndrop-add.png in Resources */ = {isa = PBXBuildFile; fileRef = 05AFEF2D18EA02D0002AACAA /* dragndrop-add.png */; };
		05AFEF2E18EA02D0002AACAA /* dragndrop-add.png in Resources */ = {isa = PBXBuildFile; fileRef = 05AFEF2D18EA02D0002AACAA /* dragndrop-add.png */; };
		05B92CF01B8E911C00226846 /* CerfingConnection.m in Sources */ = {isa = PBXBuildFile; fileRef = 05B92CB51B8E8D7B00226846 /* CerfingConnection.m */; };
		05B92CF11B8E911C00226846 /* CerfingSerializer.m in Sources */ = {isa = PBXBuildFile; fileRef = 05B92CB71B8E8D7B00226846 /* CerfingSerializer.m */; };
		05B92CF21B8E911C00226846 /* CerfingTransport.m in Sources */ = {isa = PBXBuildFile; fileRef = 05B92CC41B8E8D7B00226846 /* CerfingTransport.m */; };
		05B92CF31B8E911C00226846 /* CerfingMeshPipe.m in Sources */ = {isa = PBXBuildFile; fileRef = 05B92CD61B8E8D7B00226846 /* CerfingMeshPipe.m */; };
		05B92CF41B8E911C00226846 /* CerfingMeshPipeTransport.m in Sources */ = {isa = PBXBuildFile; fileRef = 05B92CD81B8E8D7B00226846 /* CerfingMeshPipeTransport.m */; };
		05B92CF51B8E911C00226846 /* AsyncUdpSocket.m in Sources */ = {isa = PBXBuildFile; fileRef = 05B92CDD1B8E8D7B00226846 /* AsyncUdpSocket.m */; };
		05B92CF61B8E911C00226846 /* GZIP.m in Sources */ = {isa = PBXBuildFile; fileRef = 05B92CDF1B8E8D7B00226846 /* GZIP.m */; };
		05B92CF71B8E911C00226846 /* MeshPipe.m in Sources */ = {isa = PBXBuildFile; fileRef = 05B92CE21B8E8D7B00226846 /* MeshPipe.m */; };
		05EDCE2318E9F03E003CF165 /* Foundation.framework in Frameworks */ = {isa = PBXBuildFile; fileRef = 05EDCE2218E9F03E003CF165 /* Foundation.framework */; };
		05EDCE3118E9F03E003CF165 /* XCTest.framework in Frameworks */ = {isa = PBXBuildFile; fileRef = 05EDCE3018E9F03E003CF165 /* XCTest.framework */; };
		05EDCE3218E9F03E003CF165 /* Foundation.framework in Frameworks */ = {isa = PBXBuildFile; fileRef = 05EDCE2218E9F03E003CF165 /* Foundation.framework */; };
		05EDCE3418E9F03E003CF165 /* UIKit.framework in Frameworks */ = {isa = PBXBuildFile; fileRef = 05EDCE3318E9F03E003CF165 /* UIKit.framework */; };
		05EDCE3718E9F03E003CF165 /* libSPDragNDrop.a in Frameworks */ = {isa = PBXBuildFile; fileRef = 05EDCE1F18E9F03E003CF165 /* libSPDragNDrop.a */; };
		05EDCE3D18E9F03E003CF165 /* InfoPlist.strings in Resources */ = {isa = PBXBuildFile; fileRef = 05EDCE3B18E9F03E003CF165 /* InfoPlist.strings */; };
		05EDCE3F18E9F03E003CF165 /* SPDragNDropTests.m in Sources */ = {isa = PBXBuildFile; fileRef = 05EDCE3E18E9F03E003CF165 /* SPDragNDropTests.m */; };
		05EDCE5218E9F072003CF165 /* SPDraggingContainerView.m in Sources */ = {isa = PBXBuildFile; fileRef = 05EDCE4A18E9F072003CF165 /* SPDraggingContainerView.m */; };
		05EDCE5318E9F072003CF165 /* SPDragNDropController.m in Sources */ = {isa = PBXBuildFile; fileRef = 05EDCE4D18E9F072003CF165 /* SPDragNDropController.m */; };
		05EDCE5418E9F072003CF165 /* SPDragProxyView.m in Sources */ = {isa = PBXBuildFile; fileRef = 05EDCE4F18E9F072003CF165 /* SPDragProxyView.m */; };
		05EDCE5518E9F072003CF165 /* SPDropHighlightView.m in Sources */ = {isa = PBXBuildFile; fileRef = 05EDCE5118E9F072003CF165 /* SPDropHighlightView.m */; };
		05EDCE5B18E9FF23003CF165 /* Foundation.framework in Frameworks */ = {isa = PBXBuildFile; fileRef = 05EDCE2218E9F03E003CF165 /* Foundation.framework */; };
		05EDCE5D18E9FF23003CF165 /* CoreGraphics.framework in Frameworks */ = {isa = PBXBuildFile; fileRef = 05EDCE5C18E9FF23003CF165 /* CoreGraphics.framework */; };
		05EDCE5E18E9FF23003CF165 /* UIKit.framework in Frameworks */ = {isa = PBXBuildFile; fileRef = 05EDCE3318E9F03E003CF165 /* UIKit.framework */; };
		05EDCEA418E9FF73003CF165 /* DNDTAppDelegate.m in Sources */ = {isa = PBXBuildFile; fileRef = 05EDCE8A18E9FF73003CF165 /* DNDTAppDelegate.m */; };
		05EDCEA518E9FF73003CF165 /* DemoApp-Info.plist in Resources */ = {isa = PBXBuildFile; fileRef = 05EDCE8B18E9FF73003CF165 /* DemoApp-Info.plist */; };
		05EDCEA618E9FF73003CF165 /* DNDTFirstViewController.m in Sources */ = {isa = PBXBuildFile; fileRef = 05EDCE8E18E9FF73003CF165 /* DNDTFirstViewController.m */; };
		05EDCEA718E9FF73003CF165 /* DNDTSecondViewController.m in Sources */ = {isa = PBXBuildFile; fileRef = 05EDCE9018E9FF73003CF165 /* DNDTSecondViewController.m */; };
		05EDCEAC18E9FF73003CF165 /* InfoPlist.strings in Resources */ = {isa = PBXBuildFile; fileRef = 05EDCE9918E9FF73003CF165 /* InfoPlist.strings */; };
		05EDCEAD18E9FF73003CF165 /* first.png in Resources */ = {isa = PBXBuildFile; fileRef = 05EDCE9B18E9FF73003CF165 /* first.png */; };
		05EDCEAE18E9FF73003CF165 /* first@2x.png in Resources */ = {isa = PBXBuildFile; fileRef = 05EDCE9C18E9FF73003CF165 /* first@2x.png */; };
		05EDCEAF18E9FF73003CF165 /* main.m in Sources */ = {isa = PBXBuildFile; fileRef = 05EDCE9D18E9FF73003CF165 /* main.m */; };
		05EDCEB018E9FF73003CF165 /* second.png in Resources */ = {isa = PBXBuildFile; fileRef = 05EDCE9E18E9FF73003CF165 /* second.png */; };
		05EDCEB118E9FF73003CF165 /* second@2x.png in Resources */ = {isa = PBXBuildFile; fileRef = 05EDCE9F18E9FF73003CF165 /* second@2x.png */; };
		05EDCEB218E9FF73003CF165 /* testimage.png in Resources */ = {isa = PBXBuildFile; fileRef = 05EDCEA018E9FF73003CF165 /* testimage.png */; };
		05EDCEB318E9FFBD003CF165 /* libSPDragNDrop.a in Frameworks */ = {isa = PBXBuildFile; fileRef = 05EDCE1F18E9F03E003CF165 /* libSPDragNDrop.a */; };
/* End PBXBuildFile section */

/* Begin PBXContainerItemProxy section */
		05EDCE3518E9F03E003CF165 /* PBXContainerItemProxy */ = {
			isa = PBXContainerItemProxy;
			containerPortal = 05EDCE1718E9F03D003CF165 /* Project object */;
			proxyType = 1;
			remoteGlobalIDString = 05EDCE1E18E9F03D003CF165;
			remoteInfo = SPDragNDrop;
		};
/* End PBXContainerItemProxy section */

/* Begin PBXCopyFilesBuildPhase section */
		05EDCE1D18E9F03D003CF165 /* CopyFiles */ = {
			isa = PBXCopyFilesBuildPhase;
			buildActionMask = 2147483647;
			dstPath = "include/$(PRODUCT_NAME)";
			dstSubfolderSpec = 16;
			files = (
			);
			runOnlyForDeploymentPostprocessing = 0;
		};
/* End PBXCopyFilesBuildPhase section */

/* Begin PBXFileReference section */
		059190F01B2E6CCD00AD5DE8 /* Launch Screen.storyboard */ = {isa = PBXFileReference; fileEncoding = 4; lastKnownFileType = file.storyboard; path = "Launch Screen.storyboard"; sourceTree = "<group>"; };
		059190F61B2E764700AD5DE8 /* DemoApp2.app */ = {isa = PBXFileReference; explicitFileType = wrapper.application; includeInIndex = 0; path = DemoApp2.app; sourceTree = BUILT_PRODUCTS_DIR; };
		059190F91B2E764700AD5DE8 /* main.m */ = {isa = PBXFileReference; lastKnownFileType = sourcecode.c.objc; path = main.m; sourceTree = "<group>"; };
		059191051B2E764700AD5DE8 /* Base */ = {isa = PBXFileReference; lastKnownFileType = file.storyboard; name = Base; path = Base.lproj/Main.storyboard; sourceTree = "<group>"; };
		059191071B2E764700AD5DE8 /* Assets.xcassets */ = {isa = PBXFileReference; lastKnownFileType = folder.assetcatalog; path = Assets.xcassets; sourceTree = "<group>"; };
		0591910A1B2E764700AD5DE8 /* Base */ = {isa = PBXFileReference; lastKnownFileType = file.storyboard; name = Base; path = Base.lproj/LaunchScreen.storyboard; sourceTree = "<group>"; };
		0591910C1B2E764700AD5DE8 /* Info.plist */ = {isa = PBXFileReference; lastKnownFileType = text.plist.xml; path = Info.plist; sourceTree = "<group>"; };
		05AFEF2D18EA02D0002AACAA /* dragndrop-add.png */ = {isa = PBXFileReference; lastKnownFileType = image.png; name = "dragndrop-add.png"; path = "Resources/dragndrop-add.png"; sourceTree = SOURCE_ROOT; };
		05B92CB41B8E8D7B00226846 /* CerfingConnection.h */ = {isa = PBXFileReference; lastKnownFileType = sourcecode.c.h; path = CerfingConnection.h; sourceTree = "<group>"; };
		05B92CB51B8E8D7B00226846 /* CerfingConnection.m */ = {isa = PBXFileReference; lastKnownFileType = sourcecode.c.objc; path = CerfingConnection.m; sourceTree = "<group>"; };
		05B92CB61B8E8D7B00226846 /* CerfingSerializer.h */ = {isa = PBXFileReference; lastKnownFileType = sourcecode.c.h; path = CerfingSerializer.h; sourceTree = "<group>"; };
		05B92CB71B8E8D7B00226846 /* CerfingSerializer.m */ = {isa = PBXFileReference; lastKnownFileType = sourcecode.c.objc; path = CerfingSerializer.m; sourceTree = "<group>"; };
		05B92CC31B8E8D7B00226846 /* CerfingTransport.h */ = {isa = PBXFileReference; lastKnownFileType = sourcecode.c.h; path = CerfingTransport.h; sourceTree = "<group>"; };
		05B92CC41B8E8D7B00226846 /* CerfingTransport.m */ = {isa = PBXFileReference; lastKnownFileType = sourcecode.c.objc; path = CerfingTransport.m; sourceTree = "<group>"; };
		05B92CD51B8E8D7B00226846 /* CerfingMeshPipe.h */ = {isa = PBXFileReference; lastKnownFileType = sourcecode.c.h; path = CerfingMeshPipe.h; sourceTree = "<group>"; };
		05B92CD61B8E8D7B00226846 /* CerfingMeshPipe.m */ = {isa = PBXFileReference; lastKnownFileType = sourcecode.c.objc; path = CerfingMeshPipe.m; sourceTree = "<group>"; };
		05B92CD71B8E8D7B00226846 /* CerfingMeshPipeTransport.h */ = {isa = PBXFileReference; lastKnownFileType = sourcecode.c.h; path = CerfingMeshPipeTransport.h; sourceTree = "<group>"; };
		05B92CD81B8E8D7B00226846 /* CerfingMeshPipeTransport.m */ = {isa = PBXFileReference; lastKnownFileType = sourcecode.c.objc; path = CerfingMeshPipeTransport.m; sourceTree = "<group>"; };
		05B92CDC1B8E8D7B00226846 /* AsyncUdpSocket.h */ = {isa = PBXFileReference; lastKnownFileType = sourcecode.c.h; path = AsyncUdpSocket.h; sourceTree = "<group>"; };
		05B92CDD1B8E8D7B00226846 /* AsyncUdpSocket.m */ = {isa = PBXFileReference; lastKnownFileType = sourcecode.c.objc; path = AsyncUdpSocket.m; sourceTree = "<group>"; };
		05B92CDE1B8E8D7B00226846 /* GZIP.h */ = {isa = PBXFileReference; lastKnownFileType = sourcecode.c.h; path = GZIP.h; sourceTree = "<group>"; };
		05B92CDF1B8E8D7B00226846 /* GZIP.m */ = {isa = PBXFileReference; lastKnownFileType = sourcecode.c.objc; path = GZIP.m; sourceTree = "<group>"; };
		05B92CE11B8E8D7B00226846 /* MeshPipe.h */ = {isa = PBXFileReference; lastKnownFileType = sourcecode.c.h; path = MeshPipe.h; sourceTree = "<group>"; };
		05B92CE21B8E8D7B00226846 /* MeshPipe.m */ = {isa = PBXFileReference; lastKnownFileType = sourcecode.c.objc; path = MeshPipe.m; sourceTree = "<group>"; };
		05EDCE1F18E9F03E003CF165 /* libSPDragNDrop.a */ = {isa = PBXFileReference; explicitFileType = archive.ar; includeInIndex = 0; path = libSPDragNDrop.a; sourceTree = BUILT_PRODUCTS_DIR; };
		05EDCE2218E9F03E003CF165 /* Foundation.framework */ = {isa = PBXFileReference; lastKnownFileType = wrapper.framework; name = Foundation.framework; path = System/Library/Frameworks/Foundation.framework; sourceTree = SDKROOT; };
		05EDCE2F18E9F03E003CF165 /* SPDragNDropTests.xctest */ = {isa = PBXFileReference; explicitFileType = wrapper.cfbundle; includeInIndex = 0; path = SPDragNDropTests.xctest; sourceTree = BUILT_PRODUCTS_DIR; };
		05EDCE3018E9F03E003CF165 /* XCTest.framework */ = {isa = PBXFileReference; lastKnownFileType = wrapper.framework; name = XCTest.framework; path = Library/Frameworks/XCTest.framework; sourceTree = DEVELOPER_DIR; };
		05EDCE3318E9F03E003CF165 /* UIKit.framework */ = {isa = PBXFileReference; lastKnownFileType = wrapper.framework; name = UIKit.framework; path = Library/Frameworks/UIKit.framework; sourceTree = DEVELOPER_DIR; };
		05EDCE3A18E9F03E003CF165 /* SPDragNDropTests-Info.plist */ = {isa = PBXFileReference; lastKnownFileType = text.plist.xml; path = "SPDragNDropTests-Info.plist"; sourceTree = "<group>"; };
		05EDCE3C18E9F03E003CF165 /* en */ = {isa = PBXFileReference; lastKnownFileType = text.plist.strings; name = en; path = en.lproj/InfoPlist.strings; sourceTree = "<group>"; };
		05EDCE3E18E9F03E003CF165 /* SPDragNDropTests.m */ = {isa = PBXFileReference; lastKnownFileType = sourcecode.c.objc; path = SPDragNDropTests.m; sourceTree = "<group>"; };
		05EDCE4918E9F072003CF165 /* SPDraggingContainerView.h */ = {isa = PBXFileReference; fileEncoding = 4; lastKnownFileType = sourcecode.c.h; path = SPDraggingContainerView.h; sourceTree = "<group>"; };
		05EDCE4A18E9F072003CF165 /* SPDraggingContainerView.m */ = {isa = PBXFileReference; fileEncoding = 4; lastKnownFileType = sourcecode.c.objc; path = SPDraggingContainerView.m; sourceTree = "<group>"; };
		05EDCE4B18E9F072003CF165 /* SPDragNDrop.h */ = {isa = PBXFileReference; fileEncoding = 4; lastKnownFileType = sourcecode.c.h; path = SPDragNDrop.h; sourceTree = "<group>"; };
		05EDCE4C18E9F072003CF165 /* SPDragNDropController.h */ = {isa = PBXFileReference; fileEncoding = 4; lastKnownFileType = sourcecode.c.h; path = SPDragNDropController.h; sourceTree = "<group>"; };
		05EDCE4D18E9F072003CF165 /* SPDragNDropController.m */ = {isa = PBXFileReference; fileEncoding = 4; lastKnownFileType = sourcecode.c.objc; path = SPDragNDropController.m; sourceTree = "<group>"; };
		05EDCE4E18E9F072003CF165 /* SPDragProxyView.h */ = {isa = PBXFileReference; fileEncoding = 4; lastKnownFileType = sourcecode.c.h; path = SPDragProxyView.h; sourceTree = "<group>"; };
		05EDCE4F18E9F072003CF165 /* SPDragProxyView.m */ = {isa = PBXFileReference; fileEncoding = 4; lastKnownFileType = sourcecode.c.objc; path = SPDragProxyView.m; sourceTree = "<group>"; };
		05EDCE5018E9F072003CF165 /* SPDropHighlightView.h */ = {isa = PBXFileReference; fileEncoding = 4; lastKnownFileType = sourcecode.c.h; path = SPDropHighlightView.h; sourceTree = "<group>"; };
		05EDCE5118E9F072003CF165 /* SPDropHighlightView.m */ = {isa = PBXFileReference; fileEncoding = 4; lastKnownFileType = sourcecode.c.objc; path = SPDropHighlightView.m; sourceTree = "<group>"; };
		05EDCE5A18E9FF23003CF165 /* DemoApp.app */ = {isa = PBXFileReference; explicitFileType = wrapper.application; includeInIndex = 0; path = DemoApp.app; sourceTree = BUILT_PRODUCTS_DIR; };
		05EDCE5C18E9FF23003CF165 /* CoreGraphics.framework */ = {isa = PBXFileReference; lastKnownFileType = wrapper.framework; name = CoreGraphics.framework; path = System/Library/Frameworks/CoreGraphics.framework; sourceTree = SDKROOT; };
		05EDCE8918E9FF73003CF165 /* DNDTAppDelegate.h */ = {isa = PBXFileReference; fileEncoding = 4; lastKnownFileType = sourcecode.c.h; path = DNDTAppDelegate.h; sourceTree = "<group>"; };
		05EDCE8A18E9FF73003CF165 /* DNDTAppDelegate.m */ = {isa = PBXFileReference; fileEncoding = 4; lastKnownFileType = sourcecode.c.objc; path = DNDTAppDelegate.m; sourceTree = "<group>"; };
		05EDCE8B18E9FF73003CF165 /* DemoApp-Info.plist */ = {isa = PBXFileReference; fileEncoding = 4; lastKnownFileType = text.plist.xml; path = "DemoApp-Info.plist"; sourceTree = "<group>"; };
		05EDCE8D18E9FF73003CF165 /* DNDTFirstViewController.h */ = {isa = PBXFileReference; fileEncoding = 4; lastKnownFileType = sourcecode.c.h; path = DNDTFirstViewController.h; sourceTree = "<group>"; };
		05EDCE8E18E9FF73003CF165 /* DNDTFirstViewController.m */ = {isa = PBXFileReference; fileEncoding = 4; lastKnownFileType = sourcecode.c.objc; path = DNDTFirstViewController.m; sourceTree = "<group>"; };
		05EDCE8F18E9FF73003CF165 /* DNDTSecondViewController.h */ = {isa = PBXFileReference; fileEncoding = 4; lastKnownFileType = sourcecode.c.h; path = DNDTSecondViewController.h; sourceTree = "<group>"; };
		05EDCE9018E9FF73003CF165 /* DNDTSecondViewController.m */ = {isa = PBXFileReference; fileEncoding = 4; lastKnownFileType = sourcecode.c.objc; path = DNDTSecondViewController.m; sourceTree = "<group>"; };
		05EDCE9A18E9FF73003CF165 /* en */ = {isa = PBXFileReference; lastKnownFileType = text.plist.strings; name = en; path = en.lproj/InfoPlist.strings; sourceTree = "<group>"; };
		05EDCE9B18E9FF73003CF165 /* first.png */ = {isa = PBXFileReference; lastKnownFileType = image.png; path = first.png; sourceTree = "<group>"; };
		05EDCE9C18E9FF73003CF165 /* first@2x.png */ = {isa = PBXFileReference; lastKnownFileType = image.png; path = "first@2x.png"; sourceTree = "<group>"; };
		05EDCE9D18E9FF73003CF165 /* main.m */ = {isa = PBXFileReference; fileEncoding = 4; lastKnownFileType = sourcecode.c.objc; path = main.m; sourceTree = "<group>"; };
		05EDCE9E18E9FF73003CF165 /* second.png */ = {isa = PBXFileReference; lastKnownFileType = image.png; path = second.png; sourceTree = "<group>"; };
		05EDCE9F18E9FF73003CF165 /* second@2x.png */ = {isa = PBXFileReference; lastKnownFileType = image.png; path = "second@2x.png"; sourceTree = "<group>"; };
		05EDCEA018E9FF73003CF165 /* testimage.png */ = {isa = PBXFileReference; lastKnownFileType = image.png; path = testimage.png; sourceTree = "<group>"; };
/* End PBXFileReference section */

/* Begin PBXFrameworksBuildPhase section */
		059190F31B2E764700AD5DE8 /* Frameworks */ = {
			isa = PBXFrameworksBuildPhase;
			buildActionMask = 2147483647;
			files = (
				059191131B2E786700AD5DE8 /* libSPDragNDrop.a in Frameworks */,
			);
			runOnlyForDeploymentPostprocessing = 0;
		};
		05EDCE1C18E9F03D003CF165 /* Frameworks */ = {
			isa = PBXFrameworksBuildPhase;
			buildActionMask = 2147483647;
			files = (
				05EDCE2318E9F03E003CF165 /* Foundation.framework in Frameworks */,
			);
			runOnlyForDeploymentPostprocessing = 0;
		};
		05EDCE2C18E9F03E003CF165 /* Frameworks */ = {
			isa = PBXFrameworksBuildPhase;
			buildActionMask = 2147483647;
			files = (
				05EDCE3118E9F03E003CF165 /* XCTest.framework in Frameworks */,
				05EDCE3418E9F03E003CF165 /* UIKit.framework in Frameworks */,
				05EDCE3718E9F03E003CF165 /* libSPDragNDrop.a in Frameworks */,
				05EDCE3218E9F03E003CF165 /* Foundation.framework in Frameworks */,
			);
			runOnlyForDeploymentPostprocessing = 0;
		};
		05EDCE5718E9FF23003CF165 /* Frameworks */ = {
			isa = PBXFrameworksBuildPhase;
			buildActionMask = 2147483647;
			files = (
				05EDCEB318E9FFBD003CF165 /* libSPDragNDrop.a in Frameworks */,
				05EDCE5D18E9FF23003CF165 /* CoreGraphics.framework in Frameworks */,
				05EDCE5E18E9FF23003CF165 /* UIKit.framework in Frameworks */,
				05EDCE5B18E9FF23003CF165 /* Foundation.framework in Frameworks */,
			);
			runOnlyForDeploymentPostprocessing = 0;
		};
/* End PBXFrameworksBuildPhase section */

/* Begin PBXGroup section */
		059190F71B2E764700AD5DE8 /* DemoApp2 */ = {
			isa = PBXGroup;
			children = (
				059191041B2E764700AD5DE8 /* Main.storyboard */,
				059191071B2E764700AD5DE8 /* Assets.xcassets */,
				059191091B2E764700AD5DE8 /* LaunchScreen.storyboard */,
				0591910C1B2E764700AD5DE8 /* Info.plist */,
				059190F81B2E764700AD5DE8 /* Supporting Files */,
			);
			path = DemoApp2;
			sourceTree = "<group>";
		};
		059190F81B2E764700AD5DE8 /* Supporting Files */ = {
			isa = PBXGroup;
			children = (
				059190F91B2E764700AD5DE8 /* main.m */,
			);
			name = "Supporting Files";
			sourceTree = "<group>";
		};
		05B92CB21B8E8D7B00226846 /* Cerfing */ = {
			isa = PBXGroup;
			children = (
				05B92CB31B8E8D7B00226846 /* Cerfing */,
			);
			name = Cerfing;
			path = Libraries/Cerfing;
			sourceTree = "<group>";
		};
		05B92CB31B8E8D7B00226846 /* Cerfing */ = {
			isa = PBXGroup;
			children = (
				05B92CB41B8E8D7B00226846 /* CerfingConnection.h */,
				05B92CB51B8E8D7B00226846 /* CerfingConnection.m */,
				05B92CB61B8E8D7B00226846 /* CerfingSerializer.h */,
				05B92CB71B8E8D7B00226846 /* CerfingSerializer.m */,
				05B92CBD1B8E8D7B00226846 /* Transports */,
			);
			path = Cerfing;
			sourceTree = "<group>";
		};
		05B92CBD1B8E8D7B00226846 /* Transports */ = {
			isa = PBXGroup;
			children = (
				05B92CC31B8E8D7B00226846 /* CerfingTransport.h */,
				05B92CC41B8E8D7B00226846 /* CerfingTransport.m */,
			);
			path = Transports;
			sourceTree = "<group>";
		};
		05B92CD31B8E8D7B00226846 /* MeshPipe */ = {
			isa = PBXGroup;
			children = (
				05B92CD41B8E8D7B00226846 /* CerfingMeshPipeTransport */,
				05B92CDB1B8E8D7B00226846 /* MeshPipe */,
			);
			name = MeshPipe;
			path = Libraries/MeshPipe;
			sourceTree = "<group>";
		};
		05B92CD41B8E8D7B00226846 /* CerfingMeshPipeTransport */ = {
			isa = PBXGroup;
			children = (
				05B92CD51B8E8D7B00226846 /* CerfingMeshPipe.h */,
				05B92CD61B8E8D7B00226846 /* CerfingMeshPipe.m */,
				05B92CD71B8E8D7B00226846 /* CerfingMeshPipeTransport.h */,
				05B92CD81B8E8D7B00226846 /* CerfingMeshPipeTransport.m */,
			);
			path = CerfingMeshPipeTransport;
			sourceTree = "<group>";
		};
		05B92CDB1B8E8D7B00226846 /* MeshPipe */ = {
			isa = PBXGroup;
			children = (
				05B92CDC1B8E8D7B00226846 /* AsyncUdpSocket.h */,
				05B92CDD1B8E8D7B00226846 /* AsyncUdpSocket.m */,
				05B92CDE1B8E8D7B00226846 /* GZIP.h */,
				05B92CDF1B8E8D7B00226846 /* GZIP.m */,
				05B92CE11B8E8D7B00226846 /* MeshPipe.h */,
				05B92CE21B8E8D7B00226846 /* MeshPipe.m */,
			);
			path = MeshPipe;
			sourceTree = "<group>";
		};
		05EDCE1618E9F03D003CF165 = {
			isa = PBXGroup;
			children = (
				05EDCE4818E9F072003CF165 /* SPDragNDrop */,
				05EDCE3818E9F03E003CF165 /* SPDragNDropTests */,
				05EDCE8518E9FF73003CF165 /* DemoApp */,
				059190F71B2E764700AD5DE8 /* DemoApp2 */,
				05EDCE2118E9F03E003CF165 /* Frameworks */,
				05EDCE2018E9F03E003CF165 /* Products */,
			);
			sourceTree = "<group>";
		};
		05EDCE2018E9F03E003CF165 /* Products */ = {
			isa = PBXGroup;
			children = (
				05EDCE1F18E9F03E003CF165 /* libSPDragNDrop.a */,
				05EDCE2F18E9F03E003CF165 /* SPDragNDropTests.xctest */,
				05EDCE5A18E9FF23003CF165 /* DemoApp.app */,
				059190F61B2E764700AD5DE8 /* DemoApp2.app */,
			);
			name = Products;
			sourceTree = "<group>";
		};
		05EDCE2118E9F03E003CF165 /* Frameworks */ = {
			isa = PBXGroup;
			children = (
				05B92CB21B8E8D7B00226846 /* Cerfing */,
				05B92CD31B8E8D7B00226846 /* MeshPipe */,
				05EDCE2218E9F03E003CF165 /* Foundation.framework */,
				05EDCE3018E9F03E003CF165 /* XCTest.framework */,
				05EDCE3318E9F03E003CF165 /* UIKit.framework */,
				05EDCE5C18E9FF23003CF165 /* CoreGraphics.framework */,
			);
			name = Frameworks;
			sourceTree = "<group>";
		};
		05EDCE3818E9F03E003CF165 /* SPDragNDropTests */ = {
			isa = PBXGroup;
			children = (
				05EDCE3E18E9F03E003CF165 /* SPDragNDropTests.m */,
				05EDCE3918E9F03E003CF165 /* Supporting Files */,
			);
			path = SPDragNDropTests;
			sourceTree = "<group>";
		};
		05EDCE3918E9F03E003CF165 /* Supporting Files */ = {
			isa = PBXGroup;
			children = (
				05EDCE3A18E9F03E003CF165 /* SPDragNDropTests-Info.plist */,
				05EDCE3B18E9F03E003CF165 /* InfoPlist.strings */,
			);
			name = "Supporting Files";
			sourceTree = "<group>";
		};
		05EDCE4818E9F072003CF165 /* SPDragNDrop */ = {
			isa = PBXGroup;
			children = (
				05EDCE4918E9F072003CF165 /* SPDraggingContainerView.h */,
				05EDCE4A18E9F072003CF165 /* SPDraggingContainerView.m */,
				05EDCE4B18E9F072003CF165 /* SPDragNDrop.h */,
				05EDCE4C18E9F072003CF165 /* SPDragNDropController.h */,
				05EDCE4D18E9F072003CF165 /* SPDragNDropController.m */,
				05EDCE4E18E9F072003CF165 /* SPDragProxyView.h */,
				05EDCE4F18E9F072003CF165 /* SPDragProxyView.m */,
				05EDCE5018E9F072003CF165 /* SPDropHighlightView.h */,
				05EDCE5118E9F072003CF165 /* SPDropHighlightView.m */,
			);
			path = SPDragNDrop;
			sourceTree = "<group>";
		};
		05EDCE8518E9FF73003CF165 /* DemoApp */ = {
			isa = PBXGroup;
			children = (
				05EDCE8918E9FF73003CF165 /* DNDTAppDelegate.h */,
				05EDCE8A18E9FF73003CF165 /* DNDTAppDelegate.m */,
				05EDCE8B18E9FF73003CF165 /* DemoApp-Info.plist */,
				05EDCE8D18E9FF73003CF165 /* DNDTFirstViewController.h */,
				05EDCE8E18E9FF73003CF165 /* DNDTFirstViewController.m */,
				05EDCE8F18E9FF73003CF165 /* DNDTSecondViewController.h */,
				05EDCE9018E9FF73003CF165 /* DNDTSecondViewController.m */,
				059190F01B2E6CCD00AD5DE8 /* Launch Screen.storyboard */,
				05EDCE9918E9FF73003CF165 /* InfoPlist.strings */,
				05EDCE9B18E9FF73003CF165 /* first.png */,
				05EDCE9C18E9FF73003CF165 /* first@2x.png */,
				05EDCE9D18E9FF73003CF165 /* main.m */,
				05EDCE9E18E9FF73003CF165 /* second.png */,
				05EDCE9F18E9FF73003CF165 /* second@2x.png */,
				05EDCEA018E9FF73003CF165 /* testimage.png */,
				05AFEF2D18EA02D0002AACAA /* dragndrop-add.png */,
			);
			path = DemoApp;
			sourceTree = "<group>";
		};
/* End PBXGroup section */

/* Begin PBXNativeTarget section */
		059190F51B2E764700AD5DE8 /* DemoApp2 */ = {
			isa = PBXNativeTarget;
			buildConfigurationList = 0591910D1B2E764700AD5DE8 /* Build configuration list for PBXNativeTarget "DemoApp2" */;
			buildPhases = (
				059190F21B2E764700AD5DE8 /* Sources */,
				059190F31B2E764700AD5DE8 /* Frameworks */,
				059190F41B2E764700AD5DE8 /* Resources */,
			);
			buildRules = (
			);
			dependencies = (
			);
			name = DemoApp2;
			productName = DemoApp2;
			productReference = 059190F61B2E764700AD5DE8 /* DemoApp2.app */;
			productType = "com.apple.product-type.application";
		};
		05EDCE1E18E9F03D003CF165 /* SPDragNDrop */ = {
			isa = PBXNativeTarget;
			buildConfigurationList = 05EDCE4218E9F03E003CF165 /* Build configuration list for PBXNativeTarget "SPDragNDrop" */;
			buildPhases = (
				05EDCE1B18E9F03D003CF165 /* Sources */,
				05EDCE1C18E9F03D003CF165 /* Frameworks */,
				05EDCE1D18E9F03D003CF165 /* CopyFiles */,
			);
			buildRules = (
			);
			dependencies = (
			);
			name = SPDragNDrop;
			productName = SPDragNDrop;
			productReference = 05EDCE1F18E9F03E003CF165 /* libSPDragNDrop.a */;
			productType = "com.apple.product-type.library.static";
		};
		05EDCE2E18E9F03E003CF165 /* SPDragNDropTests */ = {
			isa = PBXNativeTarget;
			buildConfigurationList = 05EDCE4518E9F03E003CF165 /* Build configuration list for PBXNativeTarget "SPDragNDropTests" */;
			buildPhases = (
				05EDCE2B18E9F03E003CF165 /* Sources */,
				05EDCE2C18E9F03E003CF165 /* Frameworks */,
				05EDCE2D18E9F03E003CF165 /* Resources */,
			);
			buildRules = (
			);
			dependencies = (
				05EDCE3618E9F03E003CF165 /* PBXTargetDependency */,
			);
			name = SPDragNDropTests;
			productName = SPDragNDropTests;
			productReference = 05EDCE2F18E9F03E003CF165 /* SPDragNDropTests.xctest */;
			productType = "com.apple.product-type.bundle.unit-test";
		};
		05EDCE5918E9FF23003CF165 /* DemoApp */ = {
			isa = PBXNativeTarget;
			buildConfigurationList = 05EDCE7F18E9FF23003CF165 /* Build configuration list for PBXNativeTarget "DemoApp" */;
			buildPhases = (
				05EDCE5618E9FF23003CF165 /* Sources */,
				05EDCE5718E9FF23003CF165 /* Frameworks */,
				05EDCE5818E9FF23003CF165 /* Resources */,
			);
			buildRules = (
			);
			dependencies = (
			);
			name = DemoApp;
			productName = DemoApp;
			productReference = 05EDCE5A18E9FF23003CF165 /* DemoApp.app */;
			productType = "com.apple.product-type.application";
		};
/* End PBXNativeTarget section */

/* Begin PBXProject section */
		05EDCE1718E9F03D003CF165 /* Project object */ = {
			isa = PBXProject;
			attributes = {
				LastUpgradeCheck = 0510;
				ORGANIZATIONNAME = nevyn;
				TargetAttributes = {
					059190F51B2E764700AD5DE8 = {
						CreatedOnToolsVersion = 7.0;
					};
					05EDCE2E18E9F03E003CF165 = {
						TestTargetID = 05EDCE5918E9FF23003CF165;
					};
				};
			};
			buildConfigurationList = 05EDCE1A18E9F03D003CF165 /* Build configuration list for PBXProject "SPDragNDrop" */;
			compatibilityVersion = "Xcode 3.2";
			developmentRegion = English;
			hasScannedForEncodings = 0;
			knownRegions = (
				en,
				Base,
			);
			mainGroup = 05EDCE1618E9F03D003CF165;
			productRefGroup = 05EDCE2018E9F03E003CF165 /* Products */;
			projectDirPath = "";
			projectRoot = "";
			targets = (
				05EDCE1E18E9F03D003CF165 /* SPDragNDrop */,
				05EDCE2E18E9F03E003CF165 /* SPDragNDropTests */,
				05EDCE5918E9FF23003CF165 /* DemoApp */,
				059190F51B2E764700AD5DE8 /* DemoApp2 */,
			);
		};
/* End PBXProject section */

/* Begin PBXResourcesBuildPhase section */
		059190F41B2E764700AD5DE8 /* Resources */ = {
			isa = PBXResourcesBuildPhase;
			buildActionMask = 2147483647;
			files = (
				059191151B2E7CE700AD5DE8 /* first.png in Resources */,
				059191181B2E7CE700AD5DE8 /* second@2x.png in Resources */,
				0591910B1B2E764700AD5DE8 /* LaunchScreen.storyboard in Resources */,
				0591911A1B2E7CE700AD5DE8 /* dragndrop-add.png in Resources */,
				059191191B2E7CE700AD5DE8 /* testimage.png in Resources */,
				059191081B2E764700AD5DE8 /* Assets.xcassets in Resources */,
				059191171B2E7CE700AD5DE8 /* second.png in Resources */,
				059191161B2E7CE700AD5DE8 /* first@2x.png in Resources */,
				059191061B2E764700AD5DE8 /* Main.storyboard in Resources */,
			);
			runOnlyForDeploymentPostprocessing = 0;
		};
		05EDCE2D18E9F03E003CF165 /* Resources */ = {
			isa = PBXResourcesBuildPhase;
			buildActionMask = 2147483647;
			files = (
				05EDCE3D18E9F03E003CF165 /* InfoPlist.strings in Resources */,
			);
			runOnlyForDeploymentPostprocessing = 0;
		};
		05EDCE5818E9FF23003CF165 /* Resources */ = {
			isa = PBXResourcesBuildPhase;
			buildActionMask = 2147483647;
			files = (
				05AFEF2E18EA02D0002AACAA /* dragndrop-add.png in Resources */,
				059191141B2E78C400AD5DE8 /* Main.storyboard in Resources */,
				05EDCEB118E9FF73003CF165 /* second@2x.png in Resources */,
				05EDCEAD18E9FF73003CF165 /* first.png in Resources */,
				059190F11B2E6CCD00AD5DE8 /* Launch Screen.storyboard in Resources */,
				05EDCEAE18E9FF73003CF165 /* first@2x.png in Resources */,
				05EDCEB018E9FF73003CF165 /* second.png in Resources */,
				05EDCEB218E9FF73003CF165 /* testimage.png in Resources */,
				05EDCEAC18E9FF73003CF165 /* InfoPlist.strings in Resources */,
				05EDCEA518E9FF73003CF165 /* DemoApp-Info.plist in Resources */,
			);
			runOnlyForDeploymentPostprocessing = 0;
		};
/* End PBXResourcesBuildPhase section */

/* Begin PBXSourcesBuildPhase section */
		059190F21B2E764700AD5DE8 /* Sources */ = {
			isa = PBXSourcesBuildPhase;
			buildActionMask = 2147483647;
			files = (
				059191101B2E767C00AD5DE8 /* DNDTAppDelegate.m in Sources */,
				059191111B2E767C00AD5DE8 /* DNDTFirstViewController.m in Sources */,
				059191121B2E767C00AD5DE8 /* DNDTSecondViewController.m in Sources */,
				059190FA1B2E764700AD5DE8 /* main.m in Sources */,
			);
			runOnlyForDeploymentPostprocessing = 0;
		};
		05EDCE1B18E9F03D003CF165 /* Sources */ = {
			isa = PBXSourcesBuildPhase;
			buildActionMask = 2147483647;
			files = (
				05B92CF61B8E911C00226846 /* GZIP.m in Sources */,
				05B92CF11B8E911C00226846 /* CerfingSerializer.m in Sources */,
				05B92CF51B8E911C00226846 /* AsyncUdpSocket.m in Sources */,
				05EDCE5318E9F072003CF165 /* SPDragNDropController.m in Sources */,
				05B92CF71B8E911C00226846 /* MeshPipe.m in Sources */,
				05EDCE5218E9F072003CF165 /* SPDraggingContainerView.m in Sources */,
				05B92CF41B8E911C00226846 /* CerfingMeshPipeTransport.m in Sources */,
				05B92CF01B8E911C00226846 /* CerfingConnection.m in Sources */,
				05EDCE5418E9F072003CF165 /* SPDragProxyView.m in Sources */,
				05B92CF31B8E911C00226846 /* CerfingMeshPipe.m in Sources */,
				05EDCE5518E9F072003CF165 /* SPDropHighlightView.m in Sources */,
				05B92CF21B8E911C00226846 /* CerfingTransport.m in Sources */,
			);
			runOnlyForDeploymentPostprocessing = 0;
		};
		05EDCE2B18E9F03E003CF165 /* Sources */ = {
			isa = PBXSourcesBuildPhase;
			buildActionMask = 2147483647;
			files = (
				05EDCE3F18E9F03E003CF165 /* SPDragNDropTests.m in Sources */,
			);
			runOnlyForDeploymentPostprocessing = 0;
		};
		05EDCE5618E9FF23003CF165 /* Sources */ = {
			isa = PBXSourcesBuildPhase;
			buildActionMask = 2147483647;
			files = (
				05EDCEA418E9FF73003CF165 /* DNDTAppDelegate.m in Sources */,
				05EDCEA618E9FF73003CF165 /* DNDTFirstViewController.m in Sources */,
				05EDCEAF18E9FF73003CF165 /* main.m in Sources */,
				05EDCEA718E9FF73003CF165 /* DNDTSecondViewController.m in Sources */,
			);
			runOnlyForDeploymentPostprocessing = 0;
		};
/* End PBXSourcesBuildPhase section */

/* Begin PBXTargetDependency section */
		05EDCE3618E9F03E003CF165 /* PBXTargetDependency */ = {
			isa = PBXTargetDependency;
			target = 05EDCE1E18E9F03D003CF165 /* SPDragNDrop */;
			targetProxy = 05EDCE3518E9F03E003CF165 /* PBXContainerItemProxy */;
		};
/* End PBXTargetDependency section */

/* Begin PBXVariantGroup section */
		059191041B2E764700AD5DE8 /* Main.storyboard */ = {
			isa = PBXVariantGroup;
			children = (
				059191051B2E764700AD5DE8 /* Base */,
			);
			name = Main.storyboard;
			sourceTree = "<group>";
		};
		059191091B2E764700AD5DE8 /* LaunchScreen.storyboard */ = {
			isa = PBXVariantGroup;
			children = (
				0591910A1B2E764700AD5DE8 /* Base */,
			);
			name = LaunchScreen.storyboard;
			sourceTree = "<group>";
		};
		05EDCE3B18E9F03E003CF165 /* InfoPlist.strings */ = {
			isa = PBXVariantGroup;
			children = (
				05EDCE3C18E9F03E003CF165 /* en */,
			);
			name = InfoPlist.strings;
			sourceTree = "<group>";
		};
		05EDCE9918E9FF73003CF165 /* InfoPlist.strings */ = {
			isa = PBXVariantGroup;
			children = (
				05EDCE9A18E9FF73003CF165 /* en */,
			);
			name = InfoPlist.strings;
			sourceTree = "<group>";
		};
/* End PBXVariantGroup section */

/* Begin XCBuildConfiguration section */
		0591910E1B2E764700AD5DE8 /* Debug */ = {
			isa = XCBuildConfiguration;
			buildSettings = {
				ASSETCATALOG_COMPILER_APPICON_NAME = AppIcon;
				CLANG_WARN_UNREACHABLE_CODE = YES;
				"CODE_SIGN_IDENTITY[sdk=iphoneos*]" = "iPhone Developer";
				DEBUG_INFORMATION_FORMAT = dwarf;
				ENABLE_STRICT_OBJC_MSGSEND = YES;
				ENABLE_TESTABILITY = YES;
				GCC_NO_COMMON_BLOCKS = YES;
				INFOPLIST_FILE = DemoApp2/Info.plist;
				IPHONEOS_DEPLOYMENT_TARGET = 8.0;
				LD_RUNPATH_SEARCH_PATHS = "$(inherited) @executable_path/Frameworks";
				MTL_ENABLE_DEBUG_INFO = YES;
				PRODUCT_BUNDLE_IDENTIFIER = eu.thirdcog.DemoApp2;
				PRODUCT_NAME = "$(TARGET_NAME)";
				TARGETED_DEVICE_FAMILY = "1,2";
			};
			name = Debug;
		};
		0591910F1B2E764700AD5DE8 /* Release */ = {
			isa = XCBuildConfiguration;
			buildSettings = {
				ASSETCATALOG_COMPILER_APPICON_NAME = AppIcon;
				CLANG_WARN_UNREACHABLE_CODE = YES;
				"CODE_SIGN_IDENTITY[sdk=iphoneos*]" = "iPhone Developer";
				COPY_PHASE_STRIP = NO;
				DEBUG_INFORMATION_FORMAT = "dwarf-with-dsym";
				ENABLE_STRICT_OBJC_MSGSEND = YES;
				GCC_NO_COMMON_BLOCKS = YES;
				INFOPLIST_FILE = DemoApp2/Info.plist;
				IPHONEOS_DEPLOYMENT_TARGET = 8.0;
				LD_RUNPATH_SEARCH_PATHS = "$(inherited) @executable_path/Frameworks";
				MTL_ENABLE_DEBUG_INFO = NO;
				PRODUCT_BUNDLE_IDENTIFIER = eu.thirdcog.DemoApp2;
				PRODUCT_NAME = "$(TARGET_NAME)";
				TARGETED_DEVICE_FAMILY = "1,2";
			};
			name = Release;
		};
		05EDCE4018E9F03E003CF165 /* Debug */ = {
			isa = XCBuildConfiguration;
			buildSettings = {
				ALWAYS_SEARCH_USER_PATHS = NO;
				CLANG_CXX_LANGUAGE_STANDARD = "gnu++0x";
				CLANG_CXX_LIBRARY = "libc++";
				CLANG_ENABLE_MODULES = YES;
				CLANG_ENABLE_OBJC_ARC = YES;
				CLANG_WARN_BOOL_CONVERSION = YES;
				CLANG_WARN_CONSTANT_CONVERSION = YES;
				CLANG_WARN_DIRECT_OBJC_ISA_USAGE = YES_ERROR;
				CLANG_WARN_EMPTY_BODY = YES;
				CLANG_WARN_ENUM_CONVERSION = YES;
				CLANG_WARN_INT_CONVERSION = YES;
				CLANG_WARN_OBJC_ROOT_CLASS = YES_ERROR;
				CLANG_WARN__DUPLICATE_METHOD_MATCH = YES;
				COPY_PHASE_STRIP = NO;
				GCC_C_LANGUAGE_STANDARD = gnu99;
				GCC_DYNAMIC_NO_PIC = NO;
				GCC_OPTIMIZATION_LEVEL = 0;
				GCC_PREPROCESSOR_DEFINITIONS = (
					"DEBUG=1",
					"$(inherited)",
				);
				GCC_SYMBOLS_PRIVATE_EXTERN = NO;
				GCC_WARN_64_TO_32_BIT_CONVERSION = YES;
				GCC_WARN_ABOUT_RETURN_TYPE = YES_ERROR;
				GCC_WARN_UNDECLARED_SELECTOR = YES;
				GCC_WARN_UNINITIALIZED_AUTOS = YES_AGGRESSIVE;
				GCC_WARN_UNUSED_FUNCTION = YES;
				GCC_WARN_UNUSED_VARIABLE = YES;
				HEADER_SEARCH_PATHS = (
					.,
					"$(inherited)",
				);
				IPHONEOS_DEPLOYMENT_TARGET = 7.1;
				ONLY_ACTIVE_ARCH = YES;
				SDKROOT = iphoneos;
			};
			name = Debug;
		};
		05EDCE4118E9F03E003CF165 /* Release */ = {
			isa = XCBuildConfiguration;
			buildSettings = {
				ALWAYS_SEARCH_USER_PATHS = NO;
				CLANG_CXX_LANGUAGE_STANDARD = "gnu++0x";
				CLANG_CXX_LIBRARY = "libc++";
				CLANG_ENABLE_MODULES = YES;
				CLANG_ENABLE_OBJC_ARC = YES;
				CLANG_WARN_BOOL_CONVERSION = YES;
				CLANG_WARN_CONSTANT_CONVERSION = YES;
				CLANG_WARN_DIRECT_OBJC_ISA_USAGE = YES_ERROR;
				CLANG_WARN_EMPTY_BODY = YES;
				CLANG_WARN_ENUM_CONVERSION = YES;
				CLANG_WARN_INT_CONVERSION = YES;
				CLANG_WARN_OBJC_ROOT_CLASS = YES_ERROR;
				CLANG_WARN__DUPLICATE_METHOD_MATCH = YES;
				COPY_PHASE_STRIP = YES;
				ENABLE_NS_ASSERTIONS = NO;
				GCC_C_LANGUAGE_STANDARD = gnu99;
				GCC_WARN_64_TO_32_BIT_CONVERSION = YES;
				GCC_WARN_ABOUT_RETURN_TYPE = YES_ERROR;
				GCC_WARN_UNDECLARED_SELECTOR = YES;
				GCC_WARN_UNINITIALIZED_AUTOS = YES_AGGRESSIVE;
				GCC_WARN_UNUSED_FUNCTION = YES;
				GCC_WARN_UNUSED_VARIABLE = YES;
				HEADER_SEARCH_PATHS = (
					.,
					"$(inherited)",
				);
				IPHONEOS_DEPLOYMENT_TARGET = 7.1;
				SDKROOT = iphoneos;
				VALIDATE_PRODUCT = YES;
			};
			name = Release;
		};
		05EDCE4318E9F03E003CF165 /* Debug */ = {
			isa = XCBuildConfiguration;
			buildSettings = {
				DSTROOT = /tmp/SPDragNDrop.dst;
				HEADER_SEARCH_PATHS = (
					Libraries/MeshPipe,
					Libraries/Cerfing,
					"$(inherited)",
				);
				OTHER_LDFLAGS = "-ObjC";
				PRODUCT_NAME = "$(TARGET_NAME)";
				SKIP_INSTALL = YES;
			};
			name = Debug;
		};
		05EDCE4418E9F03E003CF165 /* Release */ = {
			isa = XCBuildConfiguration;
			buildSettings = {
				DSTROOT = /tmp/SPDragNDrop.dst;
				HEADER_SEARCH_PATHS = (
					Libraries/MeshPipe,
					Libraries/Cerfing,
					"$(inherited)",
				);
				OTHER_LDFLAGS = "-ObjC";
				PRODUCT_NAME = "$(TARGET_NAME)";
				SKIP_INSTALL = YES;
			};
			name = Release;
		};
		05EDCE4618E9F03E003CF165 /* Debug */ = {
			isa = XCBuildConfiguration;
			buildSettings = {
				BUNDLE_LOADER = "$(BUILT_PRODUCTS_DIR)/DemoApp.app/DemoApp";
				FRAMEWORK_SEARCH_PATHS = (
					"$(SDKROOT)/Developer/Library/Frameworks",
					"$(inherited)",
					"$(DEVELOPER_FRAMEWORKS_DIR)",
				);
				GCC_PRECOMPILE_PREFIX_HEADER = YES;
				GCC_PREFIX_HEADER = "SPDragNDrop/SPDragNDrop-Prefix.pch";
				GCC_PREPROCESSOR_DEFINITIONS = (
					"DEBUG=1",
					"$(inherited)",
				);
				INFOPLIST_FILE = "SPDragNDropTests/SPDragNDropTests-Info.plist";
				PRODUCT_NAME = "$(TARGET_NAME)";
				TEST_HOST = "$(BUNDLE_LOADER)";
				WRAPPER_EXTENSION = xctest;
			};
			name = Debug;
		};
		05EDCE4718E9F03E003CF165 /* Release */ = {
			isa = XCBuildConfiguration;
			buildSettings = {
				BUNDLE_LOADER = "$(BUILT_PRODUCTS_DIR)/DemoApp.app/DemoApp";
				FRAMEWORK_SEARCH_PATHS = (
					"$(SDKROOT)/Developer/Library/Frameworks",
					"$(inherited)",
					"$(DEVELOPER_FRAMEWORKS_DIR)",
				);
				GCC_PRECOMPILE_PREFIX_HEADER = YES;
				GCC_PREFIX_HEADER = "SPDragNDrop/SPDragNDrop-Prefix.pch";
				INFOPLIST_FILE = "SPDragNDropTests/SPDragNDropTests-Info.plist";
				PRODUCT_NAME = "$(TARGET_NAME)";
				TEST_HOST = "$(BUNDLE_LOADER)";
				WRAPPER_EXTENSION = xctest;
			};
			name = Release;
		};
		05EDCE8018E9FF23003CF165 /* Debug */ = {
			isa = XCBuildConfiguration;
			buildSettings = {
				ASSETCATALOG_COMPILER_APPICON_NAME = AppIcon;
				"CODE_SIGN_IDENTITY[sdk=iphoneos*]" = "iPhone Developer";
				FRAMEWORK_SEARCH_PATHS = (
					"$(inherited)",
					"$(DEVELOPER_FRAMEWORKS_DIR)",
				);
				GCC_PREPROCESSOR_DEFINITIONS = (
					"DEBUG=1",
					"$(inherited)",
				);
				INFOPLIST_FILE = "DemoApp/DemoApp-Info.plist";
				IPHONEOS_DEPLOYMENT_TARGET = 8.0;
				OTHER_LDFLAGS = "-ObjC";
				PRODUCT_NAME = "$(TARGET_NAME)";
				TARGETED_DEVICE_FAMILY = 2;
				WRAPPER_EXTENSION = app;
			};
			name = Debug;
		};
		05EDCE8118E9FF23003CF165 /* Release */ = {
			isa = XCBuildConfiguration;
			buildSettings = {
				ASSETCATALOG_COMPILER_APPICON_NAME = AppIcon;
				"CODE_SIGN_IDENTITY[sdk=iphoneos*]" = "iPhone Developer";
				FRAMEWORK_SEARCH_PATHS = (
					"$(inherited)",
					"$(DEVELOPER_FRAMEWORKS_DIR)",
				);
				INFOPLIST_FILE = "DemoApp/DemoApp-Info.plist";
				IPHONEOS_DEPLOYMENT_TARGET = 8.0;
				OTHER_LDFLAGS = "-ObjC";
				PRODUCT_NAME = "$(TARGET_NAME)";
				TARGETED_DEVICE_FAMILY = 2;
				WRAPPER_EXTENSION = app;
			};
			name = Release;
		};
/* End XCBuildConfiguration section */

/* Begin XCConfigurationList section */
		0591910D1B2E764700AD5DE8 /* Build configuration list for PBXNativeTarget "DemoApp2" */ = {
			isa = XCConfigurationList;
			buildConfigurations = (
				0591910E1B2E764700AD5DE8 /* Debug */,
				0591910F1B2E764700AD5DE8 /* Release */,
			);
			defaultConfigurationIsVisible = 0;
			defaultConfigurationName = Release;
		};
		05EDCE1A18E9F03D003CF165 /* Build configuration list for PBXProject "SPDragNDrop" */ = {
			isa = XCConfigurationList;
			buildConfigurations = (
				05EDCE4018E9F03E003CF165 /* Debug */,
				05EDCE4118E9F03E003CF165 /* Release */,
			);
			defaultConfigurationIsVisible = 0;
			defaultConfigurationName = Release;
		};
		05EDCE4218E9F03E003CF165 /* Build configuration list for PBXNativeTarget "SPDragNDrop" */ = {
			isa = XCConfigurationList;
			buildConfigurations = (
				05EDCE4318E9F03E003CF165 /* Debug */,
				05EDCE4418E9F03E003CF165 /* Release */,
			);
			defaultConfigurationIsVisible = 0;
			defaultConfigurationName = Release;
		};
		05EDCE4518E9F03E003CF165 /* Build configuration list for PBXNativeTarget "SPDragNDropTests" */ = {
			isa = XCConfigurationList;
			buildConfigurations = (
				05EDCE4618E9F03E003CF165 /* Debug */,
				05EDCE4718E9F03E003CF165 /* Release */,
			);
			defaultConfigurationIsVisible = 0;
			defaultConfigurationName = Release;
		};
		05EDCE7F18E9FF23003CF165 /* Build configuration list for PBXNativeTarget "DemoApp" */ = {
			isa = XCConfigurationList;
			buildConfigurations = (
				05EDCE8018E9FF23003CF165 /* Debug */,
				05EDCE8118E9FF23003CF165 /* Release */,
			);
			defaultConfigurationIsVisible = 0;
			defaultConfigurationName = Release;
		};
/* End XCConfigurationList section */
	};
	rootObject = 05EDCE1718E9F03D003CF165 /* Project object */;
}
